{
    "github.com/davecgh/go-spew/spew": "f9f629a1d082960e5d1747f33c2b378612615fea",
    "github.com/facebookgo/ensure": "71188606beeac086a6089098de2dc387d26d7d92",
    "github.com/facebookgo/stack": "3df46e3d0ab4255cd8a0a6bb79561f33d9910c24",
    "github.com/facebookgo/subset": "8dac2c3c48703541e481feddf22975953d4ff842",
    "github.com/gin-gonic/gin": "d6425f1692d4aa170ece887b62bb75c9c4da5829",
    "github.com/julienschmidt/httprouter": "8c199fb6259ffc1af525cc3ad52ee60ba8359669",
    "github.com/mattn/go-colorable": "d67e0b7d1797975196499f79bcc322c08b9f218b",
    "github.com/mattn/go-sqlite3": "542ae647f8601bafd96233961b150cae198e0295",
    "golang.org/x/crypto/bcrypt": "1e856cbfdf9bc25eefca75f83f25d55e35ae72e0",
    "golang.org/x/crypto/blowfish": "1e856cbfdf9bc25eefca75f83f25d55e35ae72e0",
    "gopkg.in/gorp.v1": "c87af80f3cc5036b55b83d77171e156791085e2e",
    "gopkg.in/yaml.v2": "c1cd2254a6dd314c9d73c338c12688c9325d85c6"
}
