{
    "github.com/davecgh/go-spew/spew": "f9f629a1d082960e5d1747f33c2b378612615fea",
    "github.com/facebookgo/ensure": "71188606beeac086a6089098de2dc387d26d7d92",
    "github.com/facebookgo/stack": "3df46e3d0ab4255cd8a0a6bb79561f33d9910c24",
    "github.com/facebookgo/subset": "8dac2c3c48703541e481feddf22975953d4ff842",
    "github.com/gin-gonic/gin": "d6425f1692d4aa170ece887b62bb75c9c4da5829",
    "github.com/landjur/go-uuid": "50db4f8d2b7910614fc20e9e841179f4174c64e5",
    "github.com/manucorporat/sse": "c142f0f1baea5cef7f98a8a6c222f6134368c1f5",
    "github.com/mattn/go-colorable": "d67e0b7d1797975196499f79bcc322c08b9f218b",
    "github.com/mattn/go-sqlite3": "542ae647f8601bafd96233961b150cae198e0295",
    "github.com/mxk/go-imap/imap": "531c36c3f12d6a03ea766b07a77314aa51ec17f3",
    "github.com/wayn3h0/go-uuid": "50db4f8d2b7910614fc20e9e841179f4174c64e5",
    "golang.org/x/crypto/bcrypt": "1e856cbfdf9bc25eefca75f83f25d55e35ae72e0",
    "golang.org/x/crypto/blowfish": "1e856cbfdf9bc25eefca75f83f25d55e35ae72e0",
    "golang.org/x/net/context": "3cffabab72adf04f8e3b01c5baf775361837b5fe",
    "gopkg.in/bluesuncorp/validator.v5": "df95f9de27b8022e57f8ce09448cee6b1170bb3d",
    "gopkg.in/gorp.v1": "",
    "gopkg.in/yaml.v2": "c1cd2254a6dd314c9d73c338c12688c9325d85c6"
}
